github.com/apsyadira-jubelio/go-amqp-reconnect/rabbitmq v0.0.0-20240414085239-5708d84eb0f2 h1:pa2h7T3agJ0blfAeCs7PxE4UeNPFM5gKkXwPVD+xA4M=
github.com/apsyadira-jubelio/go-amqp-reconnect/rabbitmq v0.0.0-20240414085239-5708d84eb0f2/go.mod h1:XOjabJBWusvkb1ITVYf+2KzxozpJQRxjEvD8stMp1PQ=
github.com/streadway/amqp v1.1.0 h1:py12iX8XSyI7aN/3dUT8DFIDJazNJsVJdxNVEpnQTZM=
github.com/streadway/amqp v1.1.0/go.mod h1:WYSrTEYHOXHd0nwFeUXAe2G2hRnQT+deZJJf88uS9Bg=
